
Microsoft Visual Studio Solution File, Format Version 12.00
# Visual Studio Version 17
VisualStudioVersion = 17.6.33829.357
MinimumVisualStudioVersion = 10.0.40219.1
Project("{9A19103F-16F7-4668-BE54-9A1E7A4F7556}") = "M02_HalloWelt", "HalloWelt\M02_HalloWelt.csproj", "{44569F40-10FA-407B-846F-D7FB06EF491E}"
EndProject
Project("{9A19103F-16F7-4668-BE54-9A1E7A4F7556}") = "Lab02_Geschwindigkeitsrechner", "Geschwindigkeitsrechner\Lab02_Geschwindigkeitsrechner.csproj", "{8A29BE14-267C-4F62-923A-55850935D784}"
EndProject
Project("{9A19103F-16F7-4668-BE54-9A1E7A4F7556}") = "M03_Arrays_Bedingungen", "Arrays_Bedingungen\M03_Arrays_Bedingungen.csproj", "{00BB7190-0E65-489E-B8E7-B579F7863DA5}"
EndProject
Project("{9A19103F-16F7-4668-BE54-9A1E7A4F7556}") = "Lab03_Schaltjahrrechner_MiniLotto", "Schaltjahrrechner_MiniLotto\Lab03_Schaltjahrrechner_MiniLotto.csproj", "{FA9D79BC-F10D-41B7-A72D-A5DFA5590660}"
EndProject
Project("{9A19103F-16F7-4668-BE54-9A1E7A4F7556}") = "M04_Schleifen_Enums", "Schleifen_Enums\M04_Schleifen_Enums.csproj", "{FBCE1E12-7EE9-40D5-8F4B-C1A06CE8798A}"
EndProject
Project("{9A19103F-16F7-4668-BE54-9A1E7A4F7556}") = "Lab04_Taschenrechner", "Taschenrechner\Lab04_Taschenrechner.csproj", "{1E0B3F7A-E5C5-4FB4-B962-1A6E303E21FF}"
EndProject
Project("{FAE04EC0-301F-11D3-BF4B-00C04F79EFBC}") = "M05_Funktionen", "Funktionen\M05_Funktionen.csproj", "{00CEA36F-995F-4245-BEF6-832008B45088}"
EndProject
Project("{FAE04EC0-301F-11D3-BF4B-00C04F79EFBC}") = "Lab05_Taschenrechner02", "Taschenrechner02\Lab05_Taschenrechner02.csproj", "{372BFF54-35C4-473E-B224-8AF9F58DF256}"
EndProject
Project("{FAE04EC0-301F-11D3-BF4B-00C04F79EFBC}") = "Lab06f_Fahrzeugpark", "Fahrzeugpark\Lab06f_Fahrzeugpark.csproj", "{17657AF0-F9C0-403B-B653-02B70EC37ADD}"
EndProject
Project("{FAE04EC0-301F-11D3-BF4B-00C04F79EFBC}") = "M06f_OOP", "OOP\M06f_OOP.csproj", "{DD66ACF0-9D3B-44F6-8E33-5AF4CC4F8B13}"
EndProject
Project("{FAE04EC0-301F-11D3-BF4B-00C04F79EFBC}") = "WertVsReferenz", "WertVsReferenz\WertVsReferenz.csproj", "{2BCE248E-B4BD-4B00-9B9C-1D9D3C878892}"
EndProject
Global
	GlobalSection(SolutionConfigurationPlatforms) = preSolution
		Debug|Any CPU = Debug|Any CPU
		Release|Any CPU = Release|Any CPU
	EndGlobalSection
	GlobalSection(ProjectConfigurationPlatforms) = postSolution
		{44569F40-10FA-407B-846F-D7FB06EF491E}.Debug|Any CPU.ActiveCfg = Debug|Any CPU
		{44569F40-10FA-407B-846F-D7FB06EF491E}.Debug|Any CPU.Build.0 = Debug|Any CPU
		{44569F40-10FA-407B-846F-D7FB06EF491E}.Release|Any CPU.ActiveCfg = Release|Any CPU
		{44569F40-10FA-407B-846F-D7FB06EF491E}.Release|Any CPU.Build.0 = Release|Any CPU
		{8A29BE14-267C-4F62-923A-55850935D784}.Debug|Any CPU.ActiveCfg = Debug|Any CPU
		{8A29BE14-267C-4F62-923A-55850935D784}.Debug|Any CPU.Build.0 = Debug|Any CPU
		{8A29BE14-267C-4F62-923A-55850935D784}.Release|Any CPU.ActiveCfg = Release|Any CPU
		{8A29BE14-267C-4F62-923A-55850935D784}.Release|Any CPU.Build.0 = Release|Any CPU
		{00BB7190-0E65-489E-B8E7-B579F7863DA5}.Debug|Any CPU.ActiveCfg = Debug|Any CPU
		{00BB7190-0E65-489E-B8E7-B579F7863DA5}.Debug|Any CPU.Build.0 = Debug|Any CPU
		{00BB7190-0E65-489E-B8E7-B579F7863DA5}.Release|Any CPU.ActiveCfg = Release|Any CPU
		{00BB7190-0E65-489E-B8E7-B579F7863DA5}.Release|Any CPU.Build.0 = Release|Any CPU
		{FA9D79BC-F10D-41B7-A72D-A5DFA5590660}.Debug|Any CPU.ActiveCfg = Debug|Any CPU
		{FA9D79BC-F10D-41B7-A72D-A5DFA5590660}.Debug|Any CPU.Build.0 = Debug|Any CPU
		{FA9D79BC-F10D-41B7-A72D-A5DFA5590660}.Release|Any CPU.ActiveCfg = Release|Any CPU
		{FA9D79BC-F10D-41B7-A72D-A5DFA5590660}.Release|Any CPU.Build.0 = Release|Any CPU
		{FBCE1E12-7EE9-40D5-8F4B-C1A06CE8798A}.Debug|Any CPU.ActiveCfg = Debug|Any CPU
		{FBCE1E12-7EE9-40D5-8F4B-C1A06CE8798A}.Debug|Any CPU.Build.0 = Debug|Any CPU
		{FBCE1E12-7EE9-40D5-8F4B-C1A06CE8798A}.Release|Any CPU.ActiveCfg = Release|Any CPU
		{FBCE1E12-7EE9-40D5-8F4B-C1A06CE8798A}.Release|Any CPU.Build.0 = Release|Any CPU
		{1E0B3F7A-E5C5-4FB4-B962-1A6E303E21FF}.Debug|Any CPU.ActiveCfg = Debug|Any CPU
		{1E0B3F7A-E5C5-4FB4-B962-1A6E303E21FF}.Debug|Any CPU.Build.0 = Debug|Any CPU
		{1E0B3F7A-E5C5-4FB4-B962-1A6E303E21FF}.Release|Any CPU.ActiveCfg = Release|Any CPU
		{1E0B3F7A-E5C5-4FB4-B962-1A6E303E21FF}.Release|Any CPU.Build.0 = Release|Any CPU
		{00CEA36F-995F-4245-BEF6-832008B45088}.Debug|Any CPU.ActiveCfg = Debug|Any CPU
		{00CEA36F-995F-4245-BEF6-832008B45088}.Debug|Any CPU.Build.0 = Debug|Any CPU
		{00CEA36F-995F-4245-BEF6-832008B45088}.Release|Any CPU.ActiveCfg = Release|Any CPU
		{00CEA36F-995F-4245-BEF6-832008B45088}.Release|Any CPU.Build.0 = Release|Any CPU
		{372BFF54-35C4-473E-B224-8AF9F58DF256}.Debug|Any CPU.ActiveCfg = Debug|Any CPU
		{372BFF54-35C4-473E-B224-8AF9F58DF256}.Debug|Any CPU.Build.0 = Debug|Any CPU
		{372BFF54-35C4-473E-B224-8AF9F58DF256}.Release|Any CPU.ActiveCfg = Release|Any CPU
		{372BFF54-35C4-473E-B224-8AF9F58DF256}.Release|Any CPU.Build.0 = Release|Any CPU
		{17657AF0-F9C0-403B-B653-02B70EC37ADD}.Debug|Any CPU.ActiveCfg = Debug|Any CPU
		{17657AF0-F9C0-403B-B653-02B70EC37ADD}.Debug|Any CPU.Build.0 = Debug|Any CPU
		{17657AF0-F9C0-403B-B653-02B70EC37ADD}.Release|Any CPU.ActiveCfg = Release|Any CPU
		{17657AF0-F9C0-403B-B653-02B70EC37ADD}.Release|Any CPU.Build.0 = Release|Any CPU
		{DD66ACF0-9D3B-44F6-8E33-5AF4CC4F8B13}.Debug|Any CPU.ActiveCfg = Debug|Any CPU
		{DD66ACF0-9D3B-44F6-8E33-5AF4CC4F8B13}.Debug|Any CPU.Build.0 = Debug|Any CPU
		{DD66ACF0-9D3B-44F6-8E33-5AF4CC4F8B13}.Release|Any CPU.ActiveCfg = Release|Any CPU
		{DD66ACF0-9D3B-44F6-8E33-5AF4CC4F8B13}.Release|Any CPU.Build.0 = Release|Any CPU
		{2BCE248E-B4BD-4B00-9B9C-1D9D3C878892}.Debug|Any CPU.ActiveCfg = Debug|Any CPU
		{2BCE248E-B4BD-4B00-9B9C-1D9D3C878892}.Debug|Any CPU.Build.0 = Debug|Any CPU
		{2BCE248E-B4BD-4B00-9B9C-1D9D3C878892}.Release|Any CPU.ActiveCfg = Release|Any CPU
		{2BCE248E-B4BD-4B00-9B9C-1D9D3C878892}.Release|Any CPU.Build.0 = Release|Any CPU
	EndGlobalSection
	GlobalSection(SolutionProperties) = preSolution
		HideSolutionNode = FALSE
	EndGlobalSection
	GlobalSection(ExtensibilityGlobals) = postSolution
		SolutionGuid = {CEB9F657-0D29-4CEB-8192-52589B306DC6}
	EndGlobalSection
EndGlobal
