
Microsoft Visual Studio Solution File, Format Version 12.00
# Visual Studio Version 17
VisualStudioVersion = 17.6.33829.357
MinimumVisualStudioVersion = 10.0.40219.1
Project("{FAE04EC0-301F-11D3-BF4B-00C04F79EFBC}") = "M02_HalloWelt", "HalloWelt\M02_HalloWelt.csproj", "{44569F40-10FA-407B-846F-D7FB06EF491E}"
EndProject
Project("{FAE04EC0-301F-11D3-BF4B-00C04F79EFBC}") = "Lab02_Geschwindigkeitsrechner", "Geschwindigkeitsrechner\Lab02_Geschwindigkeitsrechner.csproj", "{8A29BE14-267C-4F62-923A-55850935D784}"
EndProject
Project("{FAE04EC0-301F-11D3-BF4B-00C04F79EFBC}") = "M03_Arrays_Bedingungen", "Arrays_Bedingungen\M03_Arrays_Bedingungen.csproj", "{00BB7190-0E65-489E-B8E7-B579F7863DA5}"
EndProject
Project("{FAE04EC0-301F-11D3-BF4B-00C04F79EFBC}") = "Lab03_Schaltjahrrechner_MiniLotto", "Schaltjahrrechner_MiniLotto\Lab03_Schaltjahrrechner_MiniLotto.csproj", "{FA9D79BC-F10D-41B7-A72D-A5DFA5590660}"
EndProject
Global
	GlobalSection(SolutionConfigurationPlatforms) = preSolution
		Debug|Any CPU = Debug|Any CPU
		Release|Any CPU = Release|Any CPU
	EndGlobalSection
	GlobalSection(ProjectConfigurationPlatforms) = postSolution
		{44569F40-10FA-407B-846F-D7FB06EF491E}.Debug|Any CPU.ActiveCfg = Debug|Any CPU
		{44569F40-10FA-407B-846F-D7FB06EF491E}.Debug|Any CPU.Build.0 = Debug|Any CPU
		{44569F40-10FA-407B-846F-D7FB06EF491E}.Release|Any CPU.ActiveCfg = Release|Any CPU
		{44569F40-10FA-407B-846F-D7FB06EF491E}.Release|Any CPU.Build.0 = Release|Any CPU
		{8A29BE14-267C-4F62-923A-55850935D784}.Debug|Any CPU.ActiveCfg = Debug|Any CPU
		{8A29BE14-267C-4F62-923A-55850935D784}.Debug|Any CPU.Build.0 = Debug|Any CPU
		{8A29BE14-267C-4F62-923A-55850935D784}.Release|Any CPU.ActiveCfg = Release|Any CPU
		{8A29BE14-267C-4F62-923A-55850935D784}.Release|Any CPU.Build.0 = Release|Any CPU
		{00BB7190-0E65-489E-B8E7-B579F7863DA5}.Debug|Any CPU.ActiveCfg = Debug|Any CPU
		{00BB7190-0E65-489E-B8E7-B579F7863DA5}.Debug|Any CPU.Build.0 = Debug|Any CPU
		{00BB7190-0E65-489E-B8E7-B579F7863DA5}.Release|Any CPU.ActiveCfg = Release|Any CPU
		{00BB7190-0E65-489E-B8E7-B579F7863DA5}.Release|Any CPU.Build.0 = Release|Any CPU
		{FA9D79BC-F10D-41B7-A72D-A5DFA5590660}.Debug|Any CPU.ActiveCfg = Debug|Any CPU
		{FA9D79BC-F10D-41B7-A72D-A5DFA5590660}.Debug|Any CPU.Build.0 = Debug|Any CPU
		{FA9D79BC-F10D-41B7-A72D-A5DFA5590660}.Release|Any CPU.ActiveCfg = Release|Any CPU
		{FA9D79BC-F10D-41B7-A72D-A5DFA5590660}.Release|Any CPU.Build.0 = Release|Any CPU
	EndGlobalSection
	GlobalSection(SolutionProperties) = preSolution
		HideSolutionNode = FALSE
	EndGlobalSection
	GlobalSection(ExtensibilityGlobals) = postSolution
		SolutionGuid = {CEB9F657-0D29-4CEB-8192-52589B306DC6}
	EndGlobalSection
EndGlobal
